
Microsoft Visual Studio Solution File, Format Version 12.00
# Visual Studio Version 17
VisualStudioVersion = 17.0.31903.59
MinimumVisualStudioVersion = 10.0.40219.1
Project("{FAE04EC0-301F-11D3-BF4B-00C04F79EFBC}") = "PrimeService", "PrimeService\PrimeService.csproj", "{458D5E35-EA0B-40F0-AE3D-B99BD4F37864}"
EndProject
Project("{FAE04EC0-301F-11D3-BF4B-00C04F79EFBC}") = "PrimeService.Tests", "PrimeService.Tests\PrimeService.Tests.csproj", "{7F4CE2CB-7276-474F-B6CC-092AFFC2F5A9}"
EndProject
Global
	GlobalSection(SolutionConfigurationPlatforms) = preSolution
		Debug|Any CPU = Debug|Any CPU
		Release|Any CPU = Release|Any CPU
	EndGlobalSection
	GlobalSection(SolutionProperties) = preSolution
		HideSolutionNode = FALSE
	EndGlobalSection
	GlobalSection(ProjectConfigurationPlatforms) = postSolution
		{458D5E35-EA0B-40F0-AE3D-B99BD4F37864}.Debug|Any CPU.ActiveCfg = Debug|Any CPU
		{458D5E35-EA0B-40F0-AE3D-B99BD4F37864}.Debug|Any CPU.Build.0 = Debug|Any CPU
		{458D5E35-EA0B-40F0-AE3D-B99BD4F37864}.Release|Any CPU.ActiveCfg = Release|Any CPU
		{458D5E35-EA0B-40F0-AE3D-B99BD4F37864}.Release|Any CPU.Build.0 = Release|Any CPU
		{7F4CE2CB-7276-474F-B6CC-092AFFC2F5A9}.Debug|Any CPU.ActiveCfg = Debug|Any CPU
		{7F4CE2CB-7276-474F-B6CC-092AFFC2F5A9}.Debug|Any CPU.Build.0 = Debug|Any CPU
		{7F4CE2CB-7276-474F-B6CC-092AFFC2F5A9}.Release|Any CPU.ActiveCfg = Release|Any CPU
		{7F4CE2CB-7276-474F-B6CC-092AFFC2F5A9}.Release|Any CPU.Build.0 = Release|Any CPU
	EndGlobalSection
EndGlobal
